
Microsoft Visual Studio Solution File, Format Version 12.00
# Visual Studio Version 17
VisualStudioVersion = 17.6.33815.320
MinimumVisualStudioVersion = 10.0.40219.1
Project("{9A19103F-16F7-4668-BE54-9A1E7A4F7556}") = "WpfApiExample", "WpfApiExample\WpfApiExample.csproj", "{1535112F-7C09-4B19-978D-4813C98C8740}"
EndProject
Project("{FAE04EC0-301F-11D3-BF4B-00C04F79EFBC}") = "MyWebApi", "MyWebApi\MyWebApi.csproj", "{D46063C6-C0C8-4679-AA95-33B7345D1042}"
EndProject
Global
	GlobalSection(SolutionConfigurationPlatforms) = preSolution
		Debug|Any CPU = Debug|Any CPU
		Release|Any CPU = Release|Any CPU
	EndGlobalSection
	GlobalSection(ProjectConfigurationPlatforms) = postSolution
		{1535112F-7C09-4B19-978D-4813C98C8740}.Debug|Any CPU.ActiveCfg = Debug|Any CPU
		{1535112F-7C09-4B19-978D-4813C98C8740}.Debug|Any CPU.Build.0 = Debug|Any CPU
		{1535112F-7C09-4B19-978D-4813C98C8740}.Release|Any CPU.ActiveCfg = Release|Any CPU
		{1535112F-7C09-4B19-978D-4813C98C8740}.Release|Any CPU.Build.0 = Release|Any CPU
		{D46063C6-C0C8-4679-AA95-33B7345D1042}.Debug|Any CPU.ActiveCfg = Debug|Any CPU
		{D46063C6-C0C8-4679-AA95-33B7345D1042}.Debug|Any CPU.Build.0 = Debug|Any CPU
		{D46063C6-C0C8-4679-AA95-33B7345D1042}.Release|Any CPU.ActiveCfg = Release|Any CPU
		{D46063C6-C0C8-4679-AA95-33B7345D1042}.Release|Any CPU.Build.0 = Release|Any CPU
	EndGlobalSection
	GlobalSection(SolutionProperties) = preSolution
		HideSolutionNode = FALSE
	EndGlobalSection
	GlobalSection(ExtensibilityGlobals) = postSolution
		SolutionGuid = {ACF6F4B4-917E-429B-B272-E556E8E92220}
	EndGlobalSection
EndGlobal
